
Microsoft Visual Studio Solution File, Format Version 12.00
# Visual Studio Version 17
VisualStudioVersion = 17.11.35222.181
MinimumVisualStudioVersion = 10.0.40219.1
Project("{FAE04EC0-301F-11D3-BF4B-00C04F79EFBC}") = "Artify", "Artify\Artify.csproj", "{EE4409D8-E4AD-47C8-B3AF-A79E4661F6E9}"
EndProject
Project("{FAE04EC0-301F-11D3-BF4B-00C04F79EFBC}") = "BE", "BE\BE.csproj", "{16A09CB8-B2CA-4E04-81CB-93A0AEC371E8}"
EndProject
Project("{FAE04EC0-301F-11D3-BF4B-00C04F79EFBC}") = "DAL", "DAL\DAL.csproj", "{98033610-5BCA-493B-AF6E-D4C0E360140D}"
EndProject
Project("{FAE04EC0-301F-11D3-BF4B-00C04F79EFBC}") = "BLL", "BLL\BLL.csproj", "{11D2094E-0D86-436A-A2DE-396D7C19DABB}"
EndProject
Project("{FAE04EC0-301F-11D3-BF4B-00C04F79EFBC}") = "SEGURIDAD", "SEGURIDAD\SEGURIDAD.csproj", "{68612FFF-6D1F-452E-AAA2-7CB96FE58AAD}"
EndProject
Global
	GlobalSection(SolutionConfigurationPlatforms) = preSolution
		Debug|Any CPU = Debug|Any CPU
		Release|Any CPU = Release|Any CPU
	EndGlobalSection
	GlobalSection(ProjectConfigurationPlatforms) = postSolution
		{EE4409D8-E4AD-47C8-B3AF-A79E4661F6E9}.Debug|Any CPU.ActiveCfg = Debug|Any CPU
		{EE4409D8-E4AD-47C8-B3AF-A79E4661F6E9}.Debug|Any CPU.Build.0 = Debug|Any CPU
		{EE4409D8-E4AD-47C8-B3AF-A79E4661F6E9}.Release|Any CPU.ActiveCfg = Release|Any CPU
		{EE4409D8-E4AD-47C8-B3AF-A79E4661F6E9}.Release|Any CPU.Build.0 = Release|Any CPU
		{16A09CB8-B2CA-4E04-81CB-93A0AEC371E8}.Debug|Any CPU.ActiveCfg = Debug|Any CPU
		{16A09CB8-B2CA-4E04-81CB-93A0AEC371E8}.Debug|Any CPU.Build.0 = Debug|Any CPU
		{16A09CB8-B2CA-4E04-81CB-93A0AEC371E8}.Release|Any CPU.ActiveCfg = Release|Any CPU
		{16A09CB8-B2CA-4E04-81CB-93A0AEC371E8}.Release|Any CPU.Build.0 = Release|Any CPU
		{98033610-5BCA-493B-AF6E-D4C0E360140D}.Debug|Any CPU.ActiveCfg = Debug|Any CPU
		{98033610-5BCA-493B-AF6E-D4C0E360140D}.Debug|Any CPU.Build.0 = Debug|Any CPU
		{98033610-5BCA-493B-AF6E-D4C0E360140D}.Release|Any CPU.ActiveCfg = Release|Any CPU
		{98033610-5BCA-493B-AF6E-D4C0E360140D}.Release|Any CPU.Build.0 = Release|Any CPU
		{11D2094E-0D86-436A-A2DE-396D7C19DABB}.Debug|Any CPU.ActiveCfg = Debug|Any CPU
		{11D2094E-0D86-436A-A2DE-396D7C19DABB}.Debug|Any CPU.Build.0 = Debug|Any CPU
		{11D2094E-0D86-436A-A2DE-396D7C19DABB}.Release|Any CPU.ActiveCfg = Release|Any CPU
		{11D2094E-0D86-436A-A2DE-396D7C19DABB}.Release|Any CPU.Build.0 = Release|Any CPU
		{68612FFF-6D1F-452E-AAA2-7CB96FE58AAD}.Debug|Any CPU.ActiveCfg = Debug|Any CPU
		{68612FFF-6D1F-452E-AAA2-7CB96FE58AAD}.Debug|Any CPU.Build.0 = Debug|Any CPU
		{68612FFF-6D1F-452E-AAA2-7CB96FE58AAD}.Release|Any CPU.ActiveCfg = Release|Any CPU
		{68612FFF-6D1F-452E-AAA2-7CB96FE58AAD}.Release|Any CPU.Build.0 = Release|Any CPU
	EndGlobalSection
	GlobalSection(SolutionProperties) = preSolution
		HideSolutionNode = FALSE
	EndGlobalSection
	GlobalSection(ExtensibilityGlobals) = postSolution
		SolutionGuid = {1624337C-9469-467E-9D8A-C0D45670D768}
	EndGlobalSection
EndGlobal
